{
  "version": 4,
  "terraform_version": "0.12.23",
  "serial": 121,
  "lineage": "c9c60291-d4a3-b8dc-6bad-2a21a3289359",
  "outputs": {},
  "resources": [
    {
      "mode": "managed",
      "type": "google_compute_instance",
      "name": "data-01",
      "provider": "provider.google",
      "instances": [
        {
          "schema_version": 6,
          "attributes": {
            "allow_stopping_for_update": null,
            "attached_disk": [],
            "boot_disk": [
              {
                "auto_delete": true,
                "device_name": "persistent-disk-0",
                "disk_encryption_key_raw": "",
                "disk_encryption_key_sha256": "",
                "initialize_params": [
                  {
                    "image": "https://www.googleapis.com/compute/v1/projects/centos-cloud/global/images/centos-7-v20200420",
                    "labels": {},
                    "size": 100,
                    "type": "pd-standard"
                  }
                ],
                "kms_key_self_link": "",
                "mode": "READ_WRITE",
                "source": "https://www.googleapis.com/compute/v1/projects/inlaid-lane-270316/zones/us-east4-a/disks/worker-01"
              }
            ],
            "can_ip_forward": false,
            "cpu_platform": "Intel Broadwell",
            "current_status": "RUNNING",
            "deletion_protection": false,
            "description": "",
            "desired_status": null,
            "enable_display": false,
            "guest_accelerator": [],
            "hostname": "worker-01.srv",
            "id": "projects/inlaid-lane-270316/zones/us-east4-a/instances/worker-01",
            "instance_id": "1520647600091789160",
            "label_fingerprint": "42WmSpB8rSM=",
            "labels": null,
            "machine_type": "n1-standard-4",
            "metadata": {
              "ssh-keys": "silveira:ssh-rsa AAAAB3NzaC1yc2EAAAADAQABAAABAQC4VO5uudtgs2Cf0YB9bNqc7ZV5ZUkdwlfuYXPtQlxzh1v5sj5ut7aB0uKl62kwgkeb/ZjjOXR27bnKEBBE/1+5NaIripzUglSb4sxuDwhs96hjAy6UMOpN8Hj/ag5tvDDUPZ9c/p13f2DrTK+uDENBMAsZXwlW7l0ik09MU4GbeLh6sjP2UqHQpACCu4/Ik0puMqRHbk9K1ZXzrTKd7puXQ0rhDquWB1isCqwFdGBmQk1ZYtG+m9Xqr16IXqAMyNIWjrz3EjhwDMqhuoqfnSipJ+hmWVjOrb2IkCsy+dZd3LYzXmu3iymzufBHkTv9KYctd9cg+oG2pz1J9mxrCXdP silveira@silveira\n"
            },
            "metadata_fingerprint": "XVRXyhDOfyw=",
            "metadata_startup_script": "",
            "min_cpu_platform": "",
            "name": "worker-01",
            "network_interface": [
              {
                "access_config": [
                  {
                    "nat_ip": "35.245.35.101",
                    "network_tier": "PREMIUM",
                    "public_ptr_domain_name": ""
                  }
                ],
                "alias_ip_range": [],
                "name": "nic0",
                "network": "https://www.googleapis.com/compute/v1/projects/inlaid-lane-270316/global/networks/default",
                "network_ip": "10.150.0.12",
                "subnetwork": "https://www.googleapis.com/compute/v1/projects/inlaid-lane-270316/regions/us-east4/subnetworks/default",
                "subnetwork_project": "inlaid-lane-270316"
              }
            ],
            "project": "inlaid-lane-270316",
            "scheduling": [
              {
                "automatic_restart": true,
                "node_affinities": [],
                "on_host_maintenance": "MIGRATE",
                "preemptible": false
              }
            ],
            "scratch_disk": [],
            "self_link": "https://www.googleapis.com/compute/v1/projects/inlaid-lane-270316/zones/us-east4-a/instances/worker-01",
            "service_account": [],
            "shielded_instance_config": [
              {
                "enable_integrity_monitoring": true,
                "enable_secure_boot": false,
                "enable_vtpm": true
              }
            ],
            "tags": null,
            "tags_fingerprint": "42WmSpB8rSM=",
            "timeouts": null,
            "zone": "us-east4-a"
          },
          "private": "eyJlMmJmYjczMC1lY2FhLTExZTYtOGY4OC0zNDM2M2JjN2M0YzAiOnsiY3JlYXRlIjoxMjAwMDAwMDAwMDAwLCJkZWxldGUiOjEyMDAwMDAwMDAwMDAsInVwZGF0ZSI6MTIwMDAwMDAwMDAwMH0sInNjaGVtYV92ZXJzaW9uIjoiNiJ9"
        }
      ]
    },
    {
      "mode": "managed",
      "type": "google_compute_instance",
      "name": "data-02",
      "provider": "provider.google",
      "instances": [
        {
          "schema_version": 6,
          "attributes": {
            "allow_stopping_for_update": null,
            "attached_disk": [],
            "boot_disk": [
              {
                "auto_delete": true,
                "device_name": "persistent-disk-0",
                "disk_encryption_key_raw": "",
                "disk_encryption_key_sha256": "",
                "initialize_params": [
                  {
                    "image": "https://www.googleapis.com/compute/v1/projects/centos-cloud/global/images/centos-7-v20200420",
                    "labels": {},
                    "size": 100,
                    "type": "pd-standard"
                  }
                ],
                "kms_key_self_link": "",
                "mode": "READ_WRITE",
                "source": "https://www.googleapis.com/compute/v1/projects/inlaid-lane-270316/zones/us-east4-a/disks/worker-02"
              }
            ],
            "can_ip_forward": false,
            "cpu_platform": "Intel Broadwell",
            "current_status": "RUNNING",
            "deletion_protection": false,
            "description": "",
            "desired_status": null,
            "enable_display": false,
            "guest_accelerator": [],
            "hostname": "worker-02.srv",
            "id": "projects/inlaid-lane-270316/zones/us-east4-a/instances/worker-02",
            "instance_id": "6964215126727948136",
            "label_fingerprint": "42WmSpB8rSM=",
            "labels": null,
            "machine_type": "n1-standard-4",
            "metadata": {
              "ssh-keys": "silveira:ssh-rsa AAAAB3NzaC1yc2EAAAADAQABAAABAQC4VO5uudtgs2Cf0YB9bNqc7ZV5ZUkdwlfuYXPtQlxzh1v5sj5ut7aB0uKl62kwgkeb/ZjjOXR27bnKEBBE/1+5NaIripzUglSb4sxuDwhs96hjAy6UMOpN8Hj/ag5tvDDUPZ9c/p13f2DrTK+uDENBMAsZXwlW7l0ik09MU4GbeLh6sjP2UqHQpACCu4/Ik0puMqRHbk9K1ZXzrTKd7puXQ0rhDquWB1isCqwFdGBmQk1ZYtG+m9Xqr16IXqAMyNIWjrz3EjhwDMqhuoqfnSipJ+hmWVjOrb2IkCsy+dZd3LYzXmu3iymzufBHkTv9KYctd9cg+oG2pz1J9mxrCXdP silveira@silveira\n"
            },
            "metadata_fingerprint": "XVRXyhDOfyw=",
            "metadata_startup_script": "",
            "min_cpu_platform": "",
            "name": "worker-02",
            "network_interface": [
              {
                "access_config": [
                  {
                    "nat_ip": "35.186.163.47",
                    "network_tier": "PREMIUM",
                    "public_ptr_domain_name": ""
                  }
                ],
                "alias_ip_range": [],
                "name": "nic0",
                "network": "https://www.googleapis.com/compute/v1/projects/inlaid-lane-270316/global/networks/default",
                "network_ip": "10.150.0.13",
                "subnetwork": "https://www.googleapis.com/compute/v1/projects/inlaid-lane-270316/regions/us-east4/subnetworks/default",
                "subnetwork_project": "inlaid-lane-270316"
              }
            ],
            "project": "inlaid-lane-270316",
            "scheduling": [
              {
                "automatic_restart": true,
                "node_affinities": [],
                "on_host_maintenance": "MIGRATE",
                "preemptible": false
              }
            ],
            "scratch_disk": [],
            "self_link": "https://www.googleapis.com/compute/v1/projects/inlaid-lane-270316/zones/us-east4-a/instances/worker-02",
            "service_account": [],
            "shielded_instance_config": [
              {
                "enable_integrity_monitoring": true,
                "enable_secure_boot": false,
                "enable_vtpm": true
              }
            ],
            "tags": null,
            "tags_fingerprint": "42WmSpB8rSM=",
            "timeouts": null,
            "zone": "us-east4-a"
          },
          "private": "eyJlMmJmYjczMC1lY2FhLTExZTYtOGY4OC0zNDM2M2JjN2M0YzAiOnsiY3JlYXRlIjoxMjAwMDAwMDAwMDAwLCJkZWxldGUiOjEyMDAwMDAwMDAwMDAsInVwZGF0ZSI6MTIwMDAwMDAwMDAwMH0sInNjaGVtYV92ZXJzaW9uIjoiNiJ9"
        }
      ]
    },
    {
      "mode": "managed",
      "type": "google_compute_instance",
      "name": "data-03",
      "provider": "provider.google",
      "instances": [
        {
          "schema_version": 6,
          "attributes": {
            "allow_stopping_for_update": null,
            "attached_disk": [],
            "boot_disk": [
              {
                "auto_delete": true,
                "device_name": "persistent-disk-0",
                "disk_encryption_key_raw": "",
                "disk_encryption_key_sha256": "",
                "initialize_params": [
                  {
                    "image": "https://www.googleapis.com/compute/v1/projects/centos-cloud/global/images/centos-7-v20200420",
                    "labels": {},
                    "size": 100,
                    "type": "pd-standard"
                  }
                ],
                "kms_key_self_link": "",
                "mode": "READ_WRITE",
                "source": "https://www.googleapis.com/compute/v1/projects/inlaid-lane-270316/zones/us-east4-a/disks/worker-03"
              }
            ],
            "can_ip_forward": false,
            "cpu_platform": "Intel Broadwell",
            "current_status": "RUNNING",
            "deletion_protection": false,
            "description": "",
            "desired_status": null,
            "enable_display": false,
            "guest_accelerator": [],
            "hostname": "worker-03.srv",
            "id": "projects/inlaid-lane-270316/zones/us-east4-a/instances/worker-03",
            "instance_id": "4962349252522375016",
            "label_fingerprint": "42WmSpB8rSM=",
            "labels": null,
            "machine_type": "n1-standard-4",
            "metadata": {
              "ssh-keys": "silveira:ssh-rsa AAAAB3NzaC1yc2EAAAADAQABAAABAQC4VO5uudtgs2Cf0YB9bNqc7ZV5ZUkdwlfuYXPtQlxzh1v5sj5ut7aB0uKl62kwgkeb/ZjjOXR27bnKEBBE/1+5NaIripzUglSb4sxuDwhs96hjAy6UMOpN8Hj/ag5tvDDUPZ9c/p13f2DrTK+uDENBMAsZXwlW7l0ik09MU4GbeLh6sjP2UqHQpACCu4/Ik0puMqRHbk9K1ZXzrTKd7puXQ0rhDquWB1isCqwFdGBmQk1ZYtG+m9Xqr16IXqAMyNIWjrz3EjhwDMqhuoqfnSipJ+hmWVjOrb2IkCsy+dZd3LYzXmu3iymzufBHkTv9KYctd9cg+oG2pz1J9mxrCXdP silveira@silveira\n"
            },
            "metadata_fingerprint": "XVRXyhDOfyw=",
            "metadata_startup_script": "",
            "min_cpu_platform": "",
            "name": "worker-03",
            "network_interface": [
              {
                "access_config": [
                  {
                    "nat_ip": "35.221.2.129",
                    "network_tier": "PREMIUM",
                    "public_ptr_domain_name": ""
                  }
                ],
                "alias_ip_range": [],
                "name": "nic0",
                "network": "https://www.googleapis.com/compute/v1/projects/inlaid-lane-270316/global/networks/default",
                "network_ip": "10.150.0.14",
                "subnetwork": "https://www.googleapis.com/compute/v1/projects/inlaid-lane-270316/regions/us-east4/subnetworks/default",
                "subnetwork_project": "inlaid-lane-270316"
              }
            ],
            "project": "inlaid-lane-270316",
            "scheduling": [
              {
                "automatic_restart": true,
                "node_affinities": [],
                "on_host_maintenance": "MIGRATE",
                "preemptible": false
              }
            ],
            "scratch_disk": [],
            "self_link": "https://www.googleapis.com/compute/v1/projects/inlaid-lane-270316/zones/us-east4-a/instances/worker-03",
            "service_account": [],
            "shielded_instance_config": [
              {
                "enable_integrity_monitoring": true,
                "enable_secure_boot": false,
                "enable_vtpm": true
              }
            ],
            "tags": null,
            "tags_fingerprint": "42WmSpB8rSM=",
            "timeouts": null,
            "zone": "us-east4-a"
          },
          "private": "eyJlMmJmYjczMC1lY2FhLTExZTYtOGY4OC0zNDM2M2JjN2M0YzAiOnsiY3JlYXRlIjoxMjAwMDAwMDAwMDAwLCJkZWxldGUiOjEyMDAwMDAwMDAwMDAsInVwZGF0ZSI6MTIwMDAwMDAwMDAwMH0sInNjaGVtYV92ZXJzaW9uIjoiNiJ9"
        }
      ]
    },
    {
      "mode": "managed",
      "type": "google_compute_instance",
      "name": "master-01",
      "provider": "provider.google",
      "instances": [
        {
          "schema_version": 6,
          "attributes": {
            "allow_stopping_for_update": null,
            "attached_disk": [],
            "boot_disk": [
              {
                "auto_delete": true,
                "device_name": "persistent-disk-0",
                "disk_encryption_key_raw": "",
                "disk_encryption_key_sha256": "",
                "initialize_params": [
                  {
                    "image": "https://www.googleapis.com/compute/v1/projects/centos-cloud/global/images/centos-7-v20200420",
                    "labels": {},
                    "size": 100,
                    "type": "pd-standard"
                  }
                ],
                "kms_key_self_link": "",
                "mode": "READ_WRITE",
                "source": "https://www.googleapis.com/compute/v1/projects/inlaid-lane-270316/zones/us-east4-a/disks/master-01"
              }
            ],
            "can_ip_forward": false,
            "cpu_platform": "Intel Broadwell",
            "current_status": "RUNNING",
            "deletion_protection": false,
            "description": "",
            "desired_status": null,
            "enable_display": false,
            "guest_accelerator": [],
            "hostname": "master-01.srv",
            "id": "projects/inlaid-lane-270316/zones/us-east4-a/instances/master-01",
            "instance_id": "7357098144892811112",
            "label_fingerprint": "42WmSpB8rSM=",
            "labels": null,
            "machine_type": "n1-standard-4",
            "metadata": {
              "ssh-keys": "silveira:ssh-rsa AAAAB3NzaC1yc2EAAAADAQABAAABAQC4VO5uudtgs2Cf0YB9bNqc7ZV5ZUkdwlfuYXPtQlxzh1v5sj5ut7aB0uKl62kwgkeb/ZjjOXR27bnKEBBE/1+5NaIripzUglSb4sxuDwhs96hjAy6UMOpN8Hj/ag5tvDDUPZ9c/p13f2DrTK+uDENBMAsZXwlW7l0ik09MU4GbeLh6sjP2UqHQpACCu4/Ik0puMqRHbk9K1ZXzrTKd7puXQ0rhDquWB1isCqwFdGBmQk1ZYtG+m9Xqr16IXqAMyNIWjrz3EjhwDMqhuoqfnSipJ+hmWVjOrb2IkCsy+dZd3LYzXmu3iymzufBHkTv9KYctd9cg+oG2pz1J9mxrCXdP silveira@silveira\n"
            },
            "metadata_fingerprint": "XVRXyhDOfyw=",
            "metadata_startup_script": "",
            "min_cpu_platform": "",
            "name": "master-01",
            "network_interface": [
              {
                "access_config": [
                  {
                    "nat_ip": "35.221.52.200",
                    "network_tier": "PREMIUM",
                    "public_ptr_domain_name": ""
                  }
                ],
                "alias_ip_range": [],
                "name": "nic0",
                "network": "https://www.googleapis.com/compute/v1/projects/inlaid-lane-270316/global/networks/default",
                "network_ip": "10.150.0.10",
                "subnetwork": "https://www.googleapis.com/compute/v1/projects/inlaid-lane-270316/regions/us-east4/subnetworks/default",
                "subnetwork_project": "inlaid-lane-270316"
              }
            ],
            "project": "inlaid-lane-270316",
            "scheduling": [
              {
                "automatic_restart": true,
                "node_affinities": [],
                "on_host_maintenance": "MIGRATE",
                "preemptible": false
              }
            ],
            "scratch_disk": [],
            "self_link": "https://www.googleapis.com/compute/v1/projects/inlaid-lane-270316/zones/us-east4-a/instances/master-01",
            "service_account": [],
            "shielded_instance_config": [
              {
                "enable_integrity_monitoring": true,
                "enable_secure_boot": false,
                "enable_vtpm": true
              }
            ],
            "tags": null,
            "tags_fingerprint": "42WmSpB8rSM=",
            "timeouts": null,
            "zone": "us-east4-a"
          },
          "private": "eyJlMmJmYjczMC1lY2FhLTExZTYtOGY4OC0zNDM2M2JjN2M0YzAiOnsiY3JlYXRlIjoxMjAwMDAwMDAwMDAwLCJkZWxldGUiOjEyMDAwMDAwMDAwMDAsInVwZGF0ZSI6MTIwMDAwMDAwMDAwMH0sInNjaGVtYV92ZXJzaW9uIjoiNiJ9"
        }
      ]
    },
    {
      "mode": "managed",
      "type": "google_compute_instance",
      "name": "master-02",
      "provider": "provider.google",
      "instances": [
        {
          "schema_version": 6,
          "attributes": {
            "allow_stopping_for_update": null,
            "attached_disk": [],
            "boot_disk": [
              {
                "auto_delete": true,
                "device_name": "persistent-disk-0",
                "disk_encryption_key_raw": "",
                "disk_encryption_key_sha256": "",
                "initialize_params": [
                  {
                    "image": "https://www.googleapis.com/compute/v1/projects/centos-cloud/global/images/centos-7-v20200420",
                    "labels": {},
                    "size": 100,
                    "type": "pd-standard"
                  }
                ],
                "kms_key_self_link": "",
                "mode": "READ_WRITE",
                "source": "https://www.googleapis.com/compute/v1/projects/inlaid-lane-270316/zones/us-east4-a/disks/master-02"
              }
            ],
            "can_ip_forward": false,
            "cpu_platform": "Intel Broadwell",
            "current_status": "RUNNING",
            "deletion_protection": false,
            "description": "",
            "desired_status": null,
            "enable_display": false,
            "guest_accelerator": [],
            "hostname": "master-02.srv",
            "id": "projects/inlaid-lane-270316/zones/us-east4-a/instances/master-02",
            "instance_id": "2793855122726549351",
            "label_fingerprint": "42WmSpB8rSM=",
            "labels": null,
            "machine_type": "n1-standard-4",
            "metadata": {
              "ssh-keys": "silveira:ssh-rsa AAAAB3NzaC1yc2EAAAADAQABAAABAQC4VO5uudtgs2Cf0YB9bNqc7ZV5ZUkdwlfuYXPtQlxzh1v5sj5ut7aB0uKl62kwgkeb/ZjjOXR27bnKEBBE/1+5NaIripzUglSb4sxuDwhs96hjAy6UMOpN8Hj/ag5tvDDUPZ9c/p13f2DrTK+uDENBMAsZXwlW7l0ik09MU4GbeLh6sjP2UqHQpACCu4/Ik0puMqRHbk9K1ZXzrTKd7puXQ0rhDquWB1isCqwFdGBmQk1ZYtG+m9Xqr16IXqAMyNIWjrz3EjhwDMqhuoqfnSipJ+hmWVjOrb2IkCsy+dZd3LYzXmu3iymzufBHkTv9KYctd9cg+oG2pz1J9mxrCXdP silveira@silveira\n"
            },
            "metadata_fingerprint": "XVRXyhDOfyw=",
            "metadata_startup_script": "",
            "min_cpu_platform": "",
            "name": "master-02",
            "network_interface": [
              {
                "access_config": [
                  {
                    "nat_ip": "35.245.236.39",
                    "network_tier": "PREMIUM",
                    "public_ptr_domain_name": ""
                  }
                ],
                "alias_ip_range": [],
                "name": "nic0",
                "network": "https://www.googleapis.com/compute/v1/projects/inlaid-lane-270316/global/networks/default",
                "network_ip": "10.150.0.11",
                "subnetwork": "https://www.googleapis.com/compute/v1/projects/inlaid-lane-270316/regions/us-east4/subnetworks/default",
                "subnetwork_project": "inlaid-lane-270316"
              }
            ],
            "project": "inlaid-lane-270316",
            "scheduling": [
              {
                "automatic_restart": true,
                "node_affinities": [],
                "on_host_maintenance": "MIGRATE",
                "preemptible": false
              }
            ],
            "scratch_disk": [],
            "self_link": "https://www.googleapis.com/compute/v1/projects/inlaid-lane-270316/zones/us-east4-a/instances/master-02",
            "service_account": [],
            "shielded_instance_config": [
              {
                "enable_integrity_monitoring": true,
                "enable_secure_boot": false,
                "enable_vtpm": true
              }
            ],
            "tags": null,
            "tags_fingerprint": "42WmSpB8rSM=",
            "timeouts": null,
            "zone": "us-east4-a"
          },
          "private": "eyJlMmJmYjczMC1lY2FhLTExZTYtOGY4OC0zNDM2M2JjN2M0YzAiOnsiY3JlYXRlIjoxMjAwMDAwMDAwMDAwLCJkZWxldGUiOjEyMDAwMDAwMDAwMDAsInVwZGF0ZSI6MTIwMDAwMDAwMDAwMH0sInNjaGVtYV92ZXJzaW9uIjoiNiJ9"
        }
      ]
    },
    {
      "mode": "managed",
      "type": "null_resource",
      "name": "hosts",
      "provider": "provider.null",
      "instances": [
        {
          "schema_version": 0,
          "attributes": {
            "id": "3770839551886282035",
            "triggers": {
              "public_ip1": "35.221.52.200",
              "public_ip2": "35.245.236.39",
              "public_ip3": "35.245.35.101",
              "public_ip4": "35.186.163.47",
              "public_ip5": "35.221.2.129"
            }
          },
          "private": "bnVsbA==",
          "dependencies": [
            "google_compute_instance.data-01",
            "google_compute_instance.data-02",
            "google_compute_instance.data-03",
            "google_compute_instance.master-01",
            "google_compute_instance.master-02"
          ]
        }
      ]
    }
  ]
}
